{
  "name": "yrenstar",
  "lockfileVersion": 3,
  "requires": true,
  "packages": {
    "": {
      "dependencies": {
        "react-range-slider-input": "^3.0.7"
      }
    },
    "node_modules/clsx": {
      "version": "1.2.1",
      "resolved": "https://registry.npmjs.org/clsx/-/clsx-1.2.1.tgz",
      "integrity": "sha512-EcR6r5a8bj6pu3ycsa/E/cKVGuTgZJZdsyUYHOksG/UHIiKfjxzRxYJpyVBwYaQeOvghal9fcc4PidlgzugAQg==",
      "license": "MIT",
      "engines": {
        "node": ">=6"
      }
    },
    "node_modules/core-js": {
      "version": "3.38.1",
      "resolved": "https://registry.npmjs.org/core-js/-/core-js-3.38.1.tgz",
      "integrity": "sha512-OP35aUorbU3Zvlx7pjsFdu1rGNnD4pgw/CWoYzRY3t2EzoVT7shKHY1dlAy3f41cGIO7ZDPQimhGFTlEYkG/Hw==",
      "hasInstallScript": true,
      "license": "MIT",
      "funding": {
        "type": "opencollective",
        "url": "https://opencollective.com/core-js"
      }
    },
    "node_modules/react-range-slider-input": {
      "version": "3.0.7",
      "resolved": "https://registry.npmjs.org/react-range-slider-input/-/react-range-slider-input-3.0.7.tgz",
      "integrity": "sha512-yAJDDMUNkILOcZSCLCVbwgnoAM3v0AfdDysTCMXDwY/+ZRNRlv98TyHbVCwPFEd7qiI8Ca/stKb0GAy//NybYw==",
      "license": "MIT",
      "dependencies": {
        "clsx": "^1.1.1",
        "core-js": "^3.22.4"
      }
    }
  }
}
